
Microsoft Visual Studio Solution File, Format Version 12.00
# Visual Studio 14
VisualStudioVersion = 14.0.24720.0
MinimumVisualStudioVersion = 10.0.40219.1
Project("{FAE04EC0-301F-11D3-BF4B-00C04F79EFBC}") = "KinectConsole", "KinectConsole\KinectConsole.csproj", "{4E24E951-FA47-4368-A28C-ED1200466201}"
EndProject
Project("{FAE04EC0-301F-11D3-BF4B-00C04F79EFBC}") = "RootSysytem", "..\..\system\RootSystem\RootSysytem\RootSysytem\RootSysytem.csproj", "{7846EF1B-BE39-4A30-AF36-42BCD7975908}"
EndProject
Project("{FAE04EC0-301F-11D3-BF4B-00C04F79EFBC}") = "FFgameUI", "..\..\UI\FFgameUItest\FFgameUI\FFgameUI.csproj", "{BC2963A3-BF62-4DB7-BEE4-C138FE8AD3C1}"
EndProject
Global
	GlobalSection(SolutionConfigurationPlatforms) = preSolution
		Debug|Any CPU = Debug|Any CPU
		Debug|x64 = Debug|x64
		Release|Any CPU = Release|Any CPU
		Release|x64 = Release|x64
	EndGlobalSection
	GlobalSection(ProjectConfigurationPlatforms) = postSolution
		{4E24E951-FA47-4368-A28C-ED1200466201}.Debug|Any CPU.ActiveCfg = Debug|Any CPU
		{4E24E951-FA47-4368-A28C-ED1200466201}.Debug|Any CPU.Build.0 = Debug|Any CPU
		{4E24E951-FA47-4368-A28C-ED1200466201}.Debug|x64.ActiveCfg = Debug|x64
		{4E24E951-FA47-4368-A28C-ED1200466201}.Debug|x64.Build.0 = Debug|x64
		{4E24E951-FA47-4368-A28C-ED1200466201}.Release|Any CPU.ActiveCfg = Release|Any CPU
		{4E24E951-FA47-4368-A28C-ED1200466201}.Release|Any CPU.Build.0 = Release|Any CPU
		{4E24E951-FA47-4368-A28C-ED1200466201}.Release|x64.ActiveCfg = Release|x64
		{4E24E951-FA47-4368-A28C-ED1200466201}.Release|x64.Build.0 = Release|x64
		{7846EF1B-BE39-4A30-AF36-42BCD7975908}.Debug|Any CPU.ActiveCfg = Debug|Any CPU
		{7846EF1B-BE39-4A30-AF36-42BCD7975908}.Debug|Any CPU.Build.0 = Debug|Any CPU
		{7846EF1B-BE39-4A30-AF36-42BCD7975908}.Debug|x64.ActiveCfg = Debug|Any CPU
		{7846EF1B-BE39-4A30-AF36-42BCD7975908}.Debug|x64.Build.0 = Debug|Any CPU
		{7846EF1B-BE39-4A30-AF36-42BCD7975908}.Release|Any CPU.ActiveCfg = Release|Any CPU
		{7846EF1B-BE39-4A30-AF36-42BCD7975908}.Release|Any CPU.Build.0 = Release|Any CPU
		{7846EF1B-BE39-4A30-AF36-42BCD7975908}.Release|x64.ActiveCfg = Release|Any CPU
		{7846EF1B-BE39-4A30-AF36-42BCD7975908}.Release|x64.Build.0 = Release|Any CPU
		{BC2963A3-BF62-4DB7-BEE4-C138FE8AD3C1}.Debug|Any CPU.ActiveCfg = Debug|Any CPU
		{BC2963A3-BF62-4DB7-BEE4-C138FE8AD3C1}.Debug|Any CPU.Build.0 = Debug|Any CPU
		{BC2963A3-BF62-4DB7-BEE4-C138FE8AD3C1}.Debug|x64.ActiveCfg = Debug|Any CPU
		{BC2963A3-BF62-4DB7-BEE4-C138FE8AD3C1}.Debug|x64.Build.0 = Debug|Any CPU
		{BC2963A3-BF62-4DB7-BEE4-C138FE8AD3C1}.Release|Any CPU.ActiveCfg = Release|Any CPU
		{BC2963A3-BF62-4DB7-BEE4-C138FE8AD3C1}.Release|Any CPU.Build.0 = Release|Any CPU
		{BC2963A3-BF62-4DB7-BEE4-C138FE8AD3C1}.Release|x64.ActiveCfg = Release|Any CPU
		{BC2963A3-BF62-4DB7-BEE4-C138FE8AD3C1}.Release|x64.Build.0 = Release|Any CPU
	EndGlobalSection
	GlobalSection(SolutionProperties) = preSolution
		HideSolutionNode = FALSE
	EndGlobalSection
EndGlobal
